// !$*UTF8*$!
{
	archiveVersion = 1;
	classes = {
	};
	objectVersion = 48;
	objects = {

/* Begin PBXBuildFile section */
		3F28B0F821C4308F009BC785 /* AppDelegate.swift in Sources */ = {isa = PBXBuildFile; fileRef = 3F28B0F721C4308F009BC785 /* AppDelegate.swift */; };
		3F28B0FD21C4308F009BC785 /* Main.storyboard in Resources */ = {isa = PBXBuildFile; fileRef = 3F28B0FB21C4308F009BC785 /* Main.storyboard */; };
		3F28B0FF21C4308F009BC785 /* Assets.xcassets in Resources */ = {isa = PBXBuildFile; fileRef = 3F28B0FE21C4308F009BC785 /* Assets.xcassets */; };
		3F28B10221C4308F009BC785 /* LaunchScreen.storyboard in Resources */ = {isa = PBXBuildFile; fileRef = 3F28B10021C4308F009BC785 /* LaunchScreen.storyboard */; };
		3F28B10A21C4312E009BC785 /* ToDoViewController.swift in Sources */ = {isa = PBXBuildFile; fileRef = 3F28B10921C4312E009BC785 /* ToDoViewController.swift */; };
		3FC241A321C6C789006CEA67 /* DataModel.xcdatamodeld in Sources */ = {isa = PBXBuildFile; fileRef = 3FC241A121C6C789006CEA67 /* DataModel.xcdatamodeld */; };
		3FD4EB8221C8193100981D27 /* CategoryTableViewController.swift in Sources */ = {isa = PBXBuildFile; fileRef = 3FD4EB8121C8193100981D27 /* CategoryTableViewController.swift */; };
		E6B3E566FCA0DFDBF5B9D08D /* Pods_ToDoay.framework in Frameworks */ = {isa = PBXBuildFile; fileRef = D4E710A2A89113EA39339E17 /* Pods_ToDoay.framework */; };
/* End PBXBuildFile section */

/* Begin PBXFileReference section */
		3F28B0F421C4308F009BC785 /* ToDoay.app */ = {isa = PBXFileReference; explicitFileType = wrapper.application; includeInIndex = 0; path = ToDoay.app; sourceTree = BUILT_PRODUCTS_DIR; };
		3F28B0F721C4308F009BC785 /* AppDelegate.swift */ = {isa = PBXFileReference; lastKnownFileType = sourcecode.swift; path = AppDelegate.swift; sourceTree = "<group>"; };
		3F28B0FC21C4308F009BC785 /* Base */ = {isa = PBXFileReference; lastKnownFileType = file.storyboard; name = Base; path = Base.lproj/Main.storyboard; sourceTree = "<group>"; };
		3F28B0FE21C4308F009BC785 /* Assets.xcassets */ = {isa = PBXFileReference; lastKnownFileType = folder.assetcatalog; path = Assets.xcassets; sourceTree = "<group>"; };
		3F28B10121C4308F009BC785 /* Base */ = {isa = PBXFileReference; lastKnownFileType = file.storyboard; name = Base; path = Base.lproj/LaunchScreen.storyboard; sourceTree = "<group>"; };
		3F28B10321C4308F009BC785 /* Info.plist */ = {isa = PBXFileReference; lastKnownFileType = text.plist.xml; path = Info.plist; sourceTree = "<group>"; };
		3F28B10921C4312E009BC785 /* ToDoViewController.swift */ = {isa = PBXFileReference; lastKnownFileType = sourcecode.swift; path = ToDoViewController.swift; sourceTree = "<group>"; };
		3FC241A221C6C789006CEA67 /* DataModel.xcdatamodel */ = {isa = PBXFileReference; lastKnownFileType = wrapper.xcdatamodel; path = DataModel.xcdatamodel; sourceTree = "<group>"; };
		3FD4EB8121C8193100981D27 /* CategoryTableViewController.swift */ = {isa = PBXFileReference; lastKnownFileType = sourcecode.swift; path = CategoryTableViewController.swift; sourceTree = "<group>"; };
		693E8C3498099FB082C7349C /* Pods-ToDoay.debug.xcconfig */ = {isa = PBXFileReference; includeInIndex = 1; lastKnownFileType = text.xcconfig; name = "Pods-ToDoay.debug.xcconfig"; path = "Pods/Target Support Files/Pods-ToDoay/Pods-ToDoay.debug.xcconfig"; sourceTree = "<group>"; };
		D4E710A2A89113EA39339E17 /* Pods_ToDoay.framework */ = {isa = PBXFileReference; explicitFileType = wrapper.framework; includeInIndex = 0; path = Pods_ToDoay.framework; sourceTree = BUILT_PRODUCTS_DIR; };
		FC36C7303F537026CD58B932 /* Pods-ToDoay.release.xcconfig */ = {isa = PBXFileReference; includeInIndex = 1; lastKnownFileType = text.xcconfig; name = "Pods-ToDoay.release.xcconfig"; path = "Pods/Target Support Files/Pods-ToDoay/Pods-ToDoay.release.xcconfig"; sourceTree = "<group>"; };
/* End PBXFileReference section */

/* Begin PBXFrameworksBuildPhase section */
		3F28B0F121C4308F009BC785 /* Frameworks */ = {
			isa = PBXFrameworksBuildPhase;
			buildActionMask = 2147483647;
			files = (
				E6B3E566FCA0DFDBF5B9D08D /* Pods_ToDoay.framework in Frameworks */,
			);
			runOnlyForDeploymentPostprocessing = 0;
		};
/* End PBXFrameworksBuildPhase section */

/* Begin PBXGroup section */
		3F28B0EB21C4308F009BC785 = {
			isa = PBXGroup;
			children = (
				3F28B0F621C4308F009BC785 /* ToDoay */,
				3F28B0F521C4308F009BC785 /* Products */,
				A4AC04C5D2D47C72AB79799B /* Pods */,
				52B472BBA2552EC4FC5C6FA3 /* Frameworks */,
			);
			sourceTree = "<group>";
		};
		3F28B0F521C4308F009BC785 /* Products */ = {
			isa = PBXGroup;
			children = (
				3F28B0F421C4308F009BC785 /* ToDoay.app */,
			);
			name = Products;
			sourceTree = "<group>";
		};
		3F28B0F621C4308F009BC785 /* ToDoay */ = {
			isa = PBXGroup;
			children = (
				3F28B0F721C4308F009BC785 /* AppDelegate.swift */,
				3FC2419B21C636DF006CEA67 /* Data Model */,
				3FC2419D21C636F5006CEA67 /* View */,
				3FC241A521C6C7E7006CEA67 /* Controller */,
				3FC241A821C6C834006CEA67 /* Supporting Files */,
			);
			path = ToDoay;
			sourceTree = "<group>";
		};
		3FC2419B21C636DF006CEA67 /* Data Model */ = {
			isa = PBXGroup;
			children = (
				3FC241A121C6C789006CEA67 /* DataModel.xcdatamodeld */,
			);
			name = "Data Model";
			sourceTree = "<group>";
		};
		3FC2419D21C636F5006CEA67 /* View */ = {
			isa = PBXGroup;
			children = (
				3F28B0FB21C4308F009BC785 /* Main.storyboard */,
			);
			name = View;
			sourceTree = "<group>";
		};
		3FC241A521C6C7E7006CEA67 /* Controller */ = {
			isa = PBXGroup;
			children = (
				3F28B10921C4312E009BC785 /* ToDoViewController.swift */,
				3FD4EB8121C8193100981D27 /* CategoryTableViewController.swift */,
			);
			name = Controller;
			sourceTree = "<group>";
		};
		3FC241A821C6C834006CEA67 /* Supporting Files */ = {
			isa = PBXGroup;
			children = (
				3F28B0FE21C4308F009BC785 /* Assets.xcassets */,
				3F28B10021C4308F009BC785 /* LaunchScreen.storyboard */,
				3F28B10321C4308F009BC785 /* Info.plist */,
			);
			name = "Supporting Files";
			sourceTree = "<group>";
		};
		52B472BBA2552EC4FC5C6FA3 /* Frameworks */ = {
			isa = PBXGroup;
			children = (
				D4E710A2A89113EA39339E17 /* Pods_ToDoay.framework */,
			);
			name = Frameworks;
			sourceTree = "<group>";
		};
		A4AC04C5D2D47C72AB79799B /* Pods */ = {
			isa = PBXGroup;
			children = (
				693E8C3498099FB082C7349C /* Pods-ToDoay.debug.xcconfig */,
				FC36C7303F537026CD58B932 /* Pods-ToDoay.release.xcconfig */,
			);
			name = Pods;
			sourceTree = "<group>";
		};
/* End PBXGroup section */

/* Begin PBXNativeTarget section */
		3F28B0F321C4308F009BC785 /* ToDoay */ = {
			isa = PBXNativeTarget;
			buildConfigurationList = 3F28B10621C4308F009BC785 /* Build configuration list for PBXNativeTarget "ToDoay" */;
			buildPhases = (
				5A756AB20332D737BB96B69E /* [CP] Check Pods Manifest.lock */,
				3F28B0F021C4308F009BC785 /* Sources */,
				3F28B0F121C4308F009BC785 /* Frameworks */,
				3F28B0F221C4308F009BC785 /* Resources */,
				1D61ACBB7FFA3B3DA62EC0C6 /* [CP] Embed Pods Frameworks */,
				EAB5C1ACB07BD816AD9BD8AA /* [CP] Copy Pods Resources */,
			);
			buildRules = (
			);
			dependencies = (
			);
			name = ToDoay;
			productName = ToDoay;
			productReference = 3F28B0F421C4308F009BC785 /* ToDoay.app */;
			productType = "com.apple.product-type.application";
		};
/* End PBXNativeTarget section */

/* Begin PBXProject section */
		3F28B0EC21C4308F009BC785 /* Project object */ = {
			isa = PBXProject;
			attributes = {
				LastSwiftUpdateCheck = 0920;
				LastUpgradeCheck = 0920;
				ORGANIZATIONNAME = "Priyanka Sen";
				TargetAttributes = {
					3F28B0F321C4308F009BC785 = {
						CreatedOnToolsVersion = 9.2;
						ProvisioningStyle = Automatic;
					};
				};
			};
			buildConfigurationList = 3F28B0EF21C4308F009BC785 /* Build configuration list for PBXProject "ToDoay" */;
			compatibilityVersion = "Xcode 8.0";
			developmentRegion = en;
			hasScannedForEncodings = 0;
			knownRegions = (
				en,
				Base,
			);
			mainGroup = 3F28B0EB21C4308F009BC785;
			productRefGroup = 3F28B0F521C4308F009BC785 /* Products */;
			projectDirPath = "";
			projectRoot = "";
			targets = (
				3F28B0F321C4308F009BC785 /* ToDoay */,
			);
		};
/* End PBXProject section */

/* Begin PBXResourcesBuildPhase section */
		3F28B0F221C4308F009BC785 /* Resources */ = {
			isa = PBXResourcesBuildPhase;
			buildActionMask = 2147483647;
			files = (
				3F28B10221C4308F009BC785 /* LaunchScreen.storyboard in Resources */,
				3F28B0FF21C4308F009BC785 /* Assets.xcassets in Resources */,
				3F28B0FD21C4308F009BC785 /* Main.storyboard in Resources */,
			);
			runOnlyForDeploymentPostprocessing = 0;
		};
/* End PBXResourcesBuildPhase section */

/* Begin PBXShellScriptBuildPhase section */
		1D61ACBB7FFA3B3DA62EC0C6 /* [CP] Embed Pods Frameworks */ = {
			isa = PBXShellScriptBuildPhase;
			buildActionMask = 2147483647;
			files = (
			);
			inputPaths = (
				"${SRCROOT}/Pods/Target Support Files/Pods-ToDoay/Pods-ToDoay-frameworks.sh",
				"${BUILT_PRODUCTS_DIR}/Realm/Realm.framework",
				"${BUILT_PRODUCTS_DIR}/RealmSwift/RealmSwift.framework",
			);
			name = "[CP] Embed Pods Frameworks";
			outputPaths = (
				"${TARGET_BUILD_DIR}/${FRAMEWORKS_FOLDER_PATH}/Realm.framework",
				"${TARGET_BUILD_DIR}/${FRAMEWORKS_FOLDER_PATH}/RealmSwift.framework",
			);
			runOnlyForDeploymentPostprocessing = 0;
			shellPath = /bin/sh;
			shellScript = "\"${SRCROOT}/Pods/Target Support Files/Pods-ToDoay/Pods-ToDoay-frameworks.sh\"\n";
			showEnvVarsInLog = 0;
		};
		5A756AB20332D737BB96B69E /* [CP] Check Pods Manifest.lock */ = {
			isa = PBXShellScriptBuildPhase;
			buildActionMask = 2147483647;
			files = (
			);
			inputPaths = (
				"${PODS_PODFILE_DIR_PATH}/Podfile.lock",
				"${PODS_ROOT}/Manifest.lock",
			);
			name = "[CP] Check Pods Manifest.lock";
			outputPaths = (
				"$(DERIVED_FILE_DIR)/Pods-ToDoay-checkManifestLockResult.txt",
			);
			runOnlyForDeploymentPostprocessing = 0;
			shellPath = /bin/sh;
			shellScript = "diff \"${PODS_PODFILE_DIR_PATH}/Podfile.lock\" \"${PODS_ROOT}/Manifest.lock\" > /dev/null\nif [ $? != 0 ] ; then\n    # print error to STDERR\n    echo \"error: The sandbox is not in sync with the Podfile.lock. Run 'pod install' or update your CocoaPods installation.\" >&2\n    exit 1\nfi\n# This output is used by Xcode 'outputs' to avoid re-running this script phase.\necho \"SUCCESS\" > \"${SCRIPT_OUTPUT_FILE_0}\"\n";
			showEnvVarsInLog = 0;
		};
		EAB5C1ACB07BD816AD9BD8AA /* [CP] Copy Pods Resources */ = {
			isa = PBXShellScriptBuildPhase;
			buildActionMask = 2147483647;
			files = (
			);
			inputPaths = (
			);
			name = "[CP] Copy Pods Resources";
			outputPaths = (
			);
			runOnlyForDeploymentPostprocessing = 0;
			shellPath = /bin/sh;
			shellScript = "\"${SRCROOT}/Pods/Target Support Files/Pods-ToDoay/Pods-ToDoay-resources.sh\"\n";
			showEnvVarsInLog = 0;
		};
/* End PBXShellScriptBuildPhase section */

/* Begin PBXSourcesBuildPhase section */
		3F28B0F021C4308F009BC785 /* Sources */ = {
			isa = PBXSourcesBuildPhase;
			buildActionMask = 2147483647;
			files = (
				3FC241A321C6C789006CEA67 /* DataModel.xcdatamodeld in Sources */,
				3F28B10A21C4312E009BC785 /* ToDoViewController.swift in Sources */,
				3F28B0F821C4308F009BC785 /* AppDelegate.swift in Sources */,
				3FD4EB8221C8193100981D27 /* CategoryTableViewController.swift in Sources */,
			);
			runOnlyForDeploymentPostprocessing = 0;
		};
/* End PBXSourcesBuildPhase section */

/* Begin PBXVariantGroup section */
		3F28B0FB21C4308F009BC785 /* Main.storyboard */ = {
			isa = PBXVariantGroup;
			children = (
				3F28B0FC21C4308F009BC785 /* Base */,
			);
			name = Main.storyboard;
			sourceTree = "<group>";
		};
		3F28B10021C4308F009BC785 /* LaunchScreen.storyboard */ = {
			isa = PBXVariantGroup;
			children = (
				3F28B10121C4308F009BC785 /* Base */,
			);
			name = LaunchScreen.storyboard;
			sourceTree = "<group>";
		};
/* End PBXVariantGroup section */

/* Begin XCBuildConfiguration section */
		3F28B10421C4308F009BC785 /* Debug */ = {
			isa = XCBuildConfiguration;
			buildSettings = {
				ALWAYS_SEARCH_USER_PATHS = NO;
				CLANG_ANALYZER_NONNULL = YES;
				CLANG_ANALYZER_NUMBER_OBJECT_CONVERSION = YES_AGGRESSIVE;
				CLANG_CXX_LANGUAGE_STANDARD = "gnu++14";
				CLANG_CXX_LIBRARY = "libc++";
				CLANG_ENABLE_MODULES = YES;
				CLANG_ENABLE_OBJC_ARC = YES;
				CLANG_WARN_BLOCK_CAPTURE_AUTORELEASING = YES;
				CLANG_WARN_BOOL_CONVERSION = YES;
				CLANG_WARN_COMMA = YES;
				CLANG_WARN_CONSTANT_CONVERSION = YES;
				CLANG_WARN_DIRECT_OBJC_ISA_USAGE = YES_ERROR;
				CLANG_WARN_DOCUMENTATION_COMMENTS = YES;
				CLANG_WARN_EMPTY_BODY = YES;
				CLANG_WARN_ENUM_CONVERSION = YES;
				CLANG_WARN_INFINITE_RECURSION = YES;
				CLANG_WARN_INT_CONVERSION = YES;
				CLANG_WARN_NON_LITERAL_NULL_CONVERSION = YES;
				CLANG_WARN_OBJC_LITERAL_CONVERSION = YES;
				CLANG_WARN_OBJC_ROOT_CLASS = YES_ERROR;
				CLANG_WARN_RANGE_LOOP_ANALYSIS = YES;
				CLANG_WARN_STRICT_PROTOTYPES = YES;
				CLANG_WARN_SUSPICIOUS_MOVE = YES;
				CLANG_WARN_UNGUARDED_AVAILABILITY = YES_AGGRESSIVE;
				CLANG_WARN_UNREACHABLE_CODE = YES;
				CLANG_WARN__DUPLICATE_METHOD_MATCH = YES;
				CODE_SIGN_IDENTITY = "iPhone Developer";
				COPY_PHASE_STRIP = NO;
				DEBUG_INFORMATION_FORMAT = dwarf;
				ENABLE_STRICT_OBJC_MSGSEND = YES;
				ENABLE_TESTABILITY = YES;
				GCC_C_LANGUAGE_STANDARD = gnu11;
				GCC_DYNAMIC_NO_PIC = NO;
				GCC_NO_COMMON_BLOCKS = YES;
				GCC_OPTIMIZATION_LEVEL = 0;
				GCC_PREPROCESSOR_DEFINITIONS = (
					"DEBUG=1",
					"$(inherited)",
				);
				GCC_WARN_64_TO_32_BIT_CONVERSION = YES;
				GCC_WARN_ABOUT_RETURN_TYPE = YES_ERROR;
				GCC_WARN_UNDECLARED_SELECTOR = YES;
				GCC_WARN_UNINITIALIZED_AUTOS = YES_AGGRESSIVE;
				GCC_WARN_UNUSED_FUNCTION = YES;
				GCC_WARN_UNUSED_VARIABLE = YES;
				IPHONEOS_DEPLOYMENT_TARGET = 11.2;
				MTL_ENABLE_DEBUG_INFO = YES;
				ONLY_ACTIVE_ARCH = YES;
				SDKROOT = iphoneos;
				SWIFT_ACTIVE_COMPILATION_CONDITIONS = DEBUG;
				SWIFT_OPTIMIZATION_LEVEL = "-Onone";
			};
			name = Debug;
		};
		3F28B10521C4308F009BC785 /* Release */ = {
			isa = XCBuildConfiguration;
			buildSettings = {
				ALWAYS_SEARCH_USER_PATHS = NO;
				CLANG_ANALYZER_NONNULL = YES;
				CLANG_ANALYZER_NUMBER_OBJECT_CONVERSION = YES_AGGRESSIVE;
				CLANG_CXX_LANGUAGE_STANDARD = "gnu++14";
				CLANG_CXX_LIBRARY = "libc++";
				CLANG_ENABLE_MODULES = YES;
				CLANG_ENABLE_OBJC_ARC = YES;
				CLANG_WARN_BLOCK_CAPTURE_AUTORELEASING = YES;
				CLANG_WARN_BOOL_CONVERSION = YES;
				CLANG_WARN_COMMA = YES;
				CLANG_WARN_CONSTANT_CONVERSION = YES;
				CLANG_WARN_DIRECT_OBJC_ISA_USAGE = YES_ERROR;
				CLANG_WARN_DOCUMENTATION_COMMENTS = YES;
				CLANG_WARN_EMPTY_BODY = YES;
				CLANG_WARN_ENUM_CONVERSION = YES;
				CLANG_WARN_INFINITE_RECURSION = YES;
				CLANG_WARN_INT_CONVERSION = YES;
				CLANG_WARN_NON_LITERAL_NULL_CONVERSION = YES;
				CLANG_WARN_OBJC_LITERAL_CONVERSION = YES;
				CLANG_WARN_OBJC_ROOT_CLASS = YES_ERROR;
				CLANG_WARN_RANGE_LOOP_ANALYSIS = YES;
				CLANG_WARN_STRICT_PROTOTYPES = YES;
				CLANG_WARN_SUSPICIOUS_MOVE = YES;
				CLANG_WARN_UNGUARDED_AVAILABILITY = YES_AGGRESSIVE;
				CLANG_WARN_UNREACHABLE_CODE = YES;
				CLANG_WARN__DUPLICATE_METHOD_MATCH = YES;
				CODE_SIGN_IDENTITY = "iPhone Developer";
				COPY_PHASE_STRIP = NO;
				DEBUG_INFORMATION_FORMAT = "dwarf-with-dsym";
				ENABLE_NS_ASSERTIONS = NO;
				ENABLE_STRICT_OBJC_MSGSEND = YES;
				GCC_C_LANGUAGE_STANDARD = gnu11;
				GCC_NO_COMMON_BLOCKS = YES;
				GCC_WARN_64_TO_32_BIT_CONVERSION = YES;
				GCC_WARN_ABOUT_RETURN_TYPE = YES_ERROR;
				GCC_WARN_UNDECLARED_SELECTOR = YES;
				GCC_WARN_UNINITIALIZED_AUTOS = YES_AGGRESSIVE;
				GCC_WARN_UNUSED_FUNCTION = YES;
				GCC_WARN_UNUSED_VARIABLE = YES;
				IPHONEOS_DEPLOYMENT_TARGET = 11.2;
				MTL_ENABLE_DEBUG_INFO = NO;
				SDKROOT = iphoneos;
				SWIFT_OPTIMIZATION_LEVEL = "-Owholemodule";
				VALIDATE_PRODUCT = YES;
			};
			name = Release;
		};
		3F28B10721C4308F009BC785 /* Debug */ = {
			isa = XCBuildConfiguration;
			baseConfigurationReference = 693E8C3498099FB082C7349C /* Pods-ToDoay.debug.xcconfig */;
			buildSettings = {
				ASSETCATALOG_COMPILER_APPICON_NAME = AppIcon;
				CODE_SIGN_STYLE = Automatic;
				DEVELOPMENT_TEAM = F5858NLX3E;
				INFOPLIST_FILE = ToDoay/Info.plist;
				LD_RUNPATH_SEARCH_PATHS = "$(inherited) @executable_path/Frameworks";
				PRODUCT_BUNDLE_IDENTIFIER = com.priyanka.ToDoay;
				PRODUCT_NAME = "$(TARGET_NAME)";
				SWIFT_VERSION = 4.0;
				TARGETED_DEVICE_FAMILY = "1,2";
			};
			name = Debug;
		};
		3F28B10821C4308F009BC785 /* Release */ = {
			isa = XCBuildConfiguration;
			baseConfigurationReference = FC36C7303F537026CD58B932 /* Pods-ToDoay.release.xcconfig */;
			buildSettings = {
				ASSETCATALOG_COMPILER_APPICON_NAME = AppIcon;
				CODE_SIGN_STYLE = Automatic;
				DEVELOPMENT_TEAM = F5858NLX3E;
				INFOPLIST_FILE = ToDoay/Info.plist;
				LD_RUNPATH_SEARCH_PATHS = "$(inherited) @executable_path/Frameworks";
				PRODUCT_BUNDLE_IDENTIFIER = com.priyanka.ToDoay;
				PRODUCT_NAME = "$(TARGET_NAME)";
				SWIFT_VERSION = 4.0;
				TARGETED_DEVICE_FAMILY = "1,2";
			};
			name = Release;
		};
/* End XCBuildConfiguration section */

/* Begin XCConfigurationList section */
		3F28B0EF21C4308F009BC785 /* Build configuration list for PBXProject "ToDoay" */ = {
			isa = XCConfigurationList;
			buildConfigurations = (
				3F28B10421C4308F009BC785 /* Debug */,
				3F28B10521C4308F009BC785 /* Release */,
			);
			defaultConfigurationIsVisible = 0;
			defaultConfigurationName = Release;
		};
		3F28B10621C4308F009BC785 /* Build configuration list for PBXNativeTarget "ToDoay" */ = {
			isa = XCConfigurationList;
			buildConfigurations = (
				3F28B10721C4308F009BC785 /* Debug */,
				3F28B10821C4308F009BC785 /* Release */,
			);
			defaultConfigurationIsVisible = 0;
			defaultConfigurationName = Release;
		};
/* End XCConfigurationList section */

/* Begin XCVersionGroup section */
		3FC241A121C6C789006CEA67 /* DataModel.xcdatamodeld */ = {
			isa = XCVersionGroup;
			children = (
				3FC241A221C6C789006CEA67 /* DataModel.xcdatamodel */,
			);
			currentVersion = 3FC241A221C6C789006CEA67 /* DataModel.xcdatamodel */;
			path = DataModel.xcdatamodeld;
			sourceTree = "<group>";
			versionGroupType = wrapper.xcdatamodel;
		};
/* End XCVersionGroup section */
	};
	rootObject = 3F28B0EC21C4308F009BC785 /* Project object */;
}
